
Microsoft Visual Studio Solution File, Format Version 12.00
# Visual Studio Version 17
VisualStudioVersion = 17.0.31903.59
MinimumVisualStudioVersion = 10.0.40219.1
Project("{2150E333-8FDC-42A3-9474-1A3956D46DE8}") = "src", "src", "{827E0CD3-B72D-47B6-A68D-7590B98EB39B}"
EndProject
Project("{FAE04EC0-301F-11D3-BF4B-00C04F79EFBC}") = "AgoraIn.Core", "src\AgoraIn.Core\AgoraIn.Core.csproj", "{7D29C3AF-4F4C-4F9D-9AD1-E6900C853738}"
EndProject
Project("{FAE04EC0-301F-11D3-BF4B-00C04F79EFBC}") = "AgoraIn.Data", "src\AgoraIn.Data\AgoraIn.Data.csproj", "{ADC1D411-4C71-4546-8BE7-25E3D2E5EE1A}"
EndProject
Project("{FAE04EC0-301F-11D3-BF4B-00C04F79EFBC}") = "AgoraIn.App", "src\AgoraIn.App\AgoraIn.App.csproj", "{309A12F8-C4A8-4B05-8839-A0C605960FBD}"
EndProject
Project("{2150E333-8FDC-42A3-9474-1A3956D46DE8}") = "tests", "tests", "{0AB3BF05-4346-4AA6-1389-037BE0695223}"
EndProject
Project("{FAE04EC0-301F-11D3-BF4B-00C04F79EFBC}") = "AgoraIn.Core.Tests", "tests\AgoraIn.Core.Tests\AgoraIn.Core.Tests.csproj", "{A177F00B-1C12-4706-BD45-1CDBE83EC8B4}"
EndProject
Project("{FAE04EC0-301F-11D3-BF4B-00C04F79EFBC}") = "AgoraIn.Data.Tests", "tests\AgoraIn.Data.Tests\AgoraIn.Data.Tests.csproj", "{04D9C4EF-D0DD-4C8D-A8E5-E828A9A90939}"
EndProject
Project("{FAE04EC0-301F-11D3-BF4B-00C04F79EFBC}") = "AgoraIn.Server", "src\AgoraIn.Server\AgoraIn.Server.csproj", "{B1A69162-F48F-4A15-BEB2-5495D5C961FA}"
EndProject
Project("{2150E333-8FDC-42A3-9474-1A3956D46DE8}") = "tools", "tools", "{07C2787E-EAC7-C090-1BA3-A61EC2A24D84}"
EndProject
Project("{FAE04EC0-301F-11D3-BF4B-00C04F79EFBC}") = "AgoraIn.LicenseTool", "tools\AgoraIn.LicenseTool\AgoraIn.LicenseTool.csproj", "{838B47A8-9E60-4CCB-962C-FFBADA4759CD}"
EndProject
Project("{FAE04EC0-301F-11D3-BF4B-00C04F79EFBC}") = "AgoraIn.LayoutTool", "tools\AgoraIn.LayoutTool\AgoraIn.LayoutTool.csproj", "{462F2F12-02E0-4A63-B754-F66A08CB421A}"
EndProject
Global
	GlobalSection(SolutionConfigurationPlatforms) = preSolution
		Debug|Any CPU = Debug|Any CPU
		Debug|x64 = Debug|x64
		Debug|x86 = Debug|x86
		Release|Any CPU = Release|Any CPU
		Release|x64 = Release|x64
		Release|x86 = Release|x86
	EndGlobalSection
	GlobalSection(ProjectConfigurationPlatforms) = postSolution
		{7D29C3AF-4F4C-4F9D-9AD1-E6900C853738}.Debug|Any CPU.ActiveCfg = Debug|Any CPU
		{7D29C3AF-4F4C-4F9D-9AD1-E6900C853738}.Debug|Any CPU.Build.0 = Debug|Any CPU
		{7D29C3AF-4F4C-4F9D-9AD1-E6900C853738}.Debug|x64.ActiveCfg = Debug|Any CPU
		{7D29C3AF-4F4C-4F9D-9AD1-E6900C853738}.Debug|x64.Build.0 = Debug|Any CPU
		{7D29C3AF-4F4C-4F9D-9AD1-E6900C853738}.Debug|x86.ActiveCfg = Debug|Any CPU
		{7D29C3AF-4F4C-4F9D-9AD1-E6900C853738}.Debug|x86.Build.0 = Debug|Any CPU
		{7D29C3AF-4F4C-4F9D-9AD1-E6900C853738}.Release|Any CPU.ActiveCfg = Release|Any CPU
		{7D29C3AF-4F4C-4F9D-9AD1-E6900C853738}.Release|Any CPU.Build.0 = Release|Any CPU
		{7D29C3AF-4F4C-4F9D-9AD1-E6900C853738}.Release|x64.ActiveCfg = Release|Any CPU
		{7D29C3AF-4F4C-4F9D-9AD1-E6900C853738}.Release|x64.Build.0 = Release|Any CPU
		{7D29C3AF-4F4C-4F9D-9AD1-E6900C853738}.Release|x86.ActiveCfg = Release|Any CPU
		{7D29C3AF-4F4C-4F9D-9AD1-E6900C853738}.Release|x86.Build.0 = Release|Any CPU
		{ADC1D411-4C71-4546-8BE7-25E3D2E5EE1A}.Debug|Any CPU.ActiveCfg = Debug|Any CPU
		{ADC1D411-4C71-4546-8BE7-25E3D2E5EE1A}.Debug|Any CPU.Build.0 = Debug|Any CPU
		{ADC1D411-4C71-4546-8BE7-25E3D2E5EE1A}.Debug|x64.ActiveCfg = Debug|Any CPU
		{ADC1D411-4C71-4546-8BE7-25E3D2E5EE1A}.Debug|x64.Build.0 = Debug|Any CPU
		{ADC1D411-4C71-4546-8BE7-25E3D2E5EE1A}.Debug|x86.ActiveCfg = Debug|Any CPU
		{ADC1D411-4C71-4546-8BE7-25E3D2E5EE1A}.Debug|x86.Build.0 = Debug|Any CPU
		{ADC1D411-4C71-4546-8BE7-25E3D2E5EE1A}.Release|Any CPU.ActiveCfg = Release|Any CPU
		{ADC1D411-4C71-4546-8BE7-25E3D2E5EE1A}.Release|Any CPU.Build.0 = Release|Any CPU
		{ADC1D411-4C71-4546-8BE7-25E3D2E5EE1A}.Release|x64.ActiveCfg = Release|Any CPU
		{ADC1D411-4C71-4546-8BE7-25E3D2E5EE1A}.Release|x64.Build.0 = Release|Any CPU
		{ADC1D411-4C71-4546-8BE7-25E3D2E5EE1A}.Release|x86.ActiveCfg = Release|Any CPU
		{ADC1D411-4C71-4546-8BE7-25E3D2E5EE1A}.Release|x86.Build.0 = Release|Any CPU
		{309A12F8-C4A8-4B05-8839-A0C605960FBD}.Debug|Any CPU.ActiveCfg = Debug|Any CPU
		{309A12F8-C4A8-4B05-8839-A0C605960FBD}.Debug|Any CPU.Build.0 = Debug|Any CPU
		{309A12F8-C4A8-4B05-8839-A0C605960FBD}.Debug|x64.ActiveCfg = Debug|Any CPU
		{309A12F8-C4A8-4B05-8839-A0C605960FBD}.Debug|x64.Build.0 = Debug|Any CPU
		{309A12F8-C4A8-4B05-8839-A0C605960FBD}.Debug|x86.ActiveCfg = Debug|Any CPU
		{309A12F8-C4A8-4B05-8839-A0C605960FBD}.Debug|x86.Build.0 = Debug|Any CPU
		{309A12F8-C4A8-4B05-8839-A0C605960FBD}.Release|Any CPU.ActiveCfg = Release|Any CPU
		{309A12F8-C4A8-4B05-8839-A0C605960FBD}.Release|Any CPU.Build.0 = Release|Any CPU
		{309A12F8-C4A8-4B05-8839-A0C605960FBD}.Release|x64.ActiveCfg = Release|Any CPU
		{309A12F8-C4A8-4B05-8839-A0C605960FBD}.Release|x64.Build.0 = Release|Any CPU
		{309A12F8-C4A8-4B05-8839-A0C605960FBD}.Release|x86.ActiveCfg = Release|Any CPU
		{309A12F8-C4A8-4B05-8839-A0C605960FBD}.Release|x86.Build.0 = Release|Any CPU
		{A177F00B-1C12-4706-BD45-1CDBE83EC8B4}.Debug|Any CPU.ActiveCfg = Debug|Any CPU
		{A177F00B-1C12-4706-BD45-1CDBE83EC8B4}.Debug|Any CPU.Build.0 = Debug|Any CPU
		{A177F00B-1C12-4706-BD45-1CDBE83EC8B4}.Debug|x64.ActiveCfg = Debug|Any CPU
		{A177F00B-1C12-4706-BD45-1CDBE83EC8B4}.Debug|x64.Build.0 = Debug|Any CPU
		{A177F00B-1C12-4706-BD45-1CDBE83EC8B4}.Debug|x86.ActiveCfg = Debug|Any CPU
		{A177F00B-1C12-4706-BD45-1CDBE83EC8B4}.Debug|x86.Build.0 = Debug|Any CPU
		{A177F00B-1C12-4706-BD45-1CDBE83EC8B4}.Release|Any CPU.ActiveCfg = Release|Any CPU
		{A177F00B-1C12-4706-BD45-1CDBE83EC8B4}.Release|Any CPU.Build.0 = Release|Any CPU
		{A177F00B-1C12-4706-BD45-1CDBE83EC8B4}.Release|x64.ActiveCfg = Release|Any CPU
		{A177F00B-1C12-4706-BD45-1CDBE83EC8B4}.Release|x64.Build.0 = Release|Any CPU
		{A177F00B-1C12-4706-BD45-1CDBE83EC8B4}.Release|x86.ActiveCfg = Release|Any CPU
		{A177F00B-1C12-4706-BD45-1CDBE83EC8B4}.Release|x86.Build.0 = Release|Any CPU
		{04D9C4EF-D0DD-4C8D-A8E5-E828A9A90939}.Debug|Any CPU.ActiveCfg = Debug|Any CPU
		{04D9C4EF-D0DD-4C8D-A8E5-E828A9A90939}.Debug|Any CPU.Build.0 = Debug|Any CPU
		{04D9C4EF-D0DD-4C8D-A8E5-E828A9A90939}.Debug|x64.ActiveCfg = Debug|Any CPU
		{04D9C4EF-D0DD-4C8D-A8E5-E828A9A90939}.Debug|x64.Build.0 = Debug|Any CPU
		{04D9C4EF-D0DD-4C8D-A8E5-E828A9A90939}.Debug|x86.ActiveCfg = Debug|Any CPU
		{04D9C4EF-D0DD-4C8D-A8E5-E828A9A90939}.Debug|x86.Build.0 = Debug|Any CPU
		{04D9C4EF-D0DD-4C8D-A8E5-E828A9A90939}.Release|Any CPU.ActiveCfg = Release|Any CPU
		{04D9C4EF-D0DD-4C8D-A8E5-E828A9A90939}.Release|Any CPU.Build.0 = Release|Any CPU
		{04D9C4EF-D0DD-4C8D-A8E5-E828A9A90939}.Release|x64.ActiveCfg = Release|Any CPU
		{04D9C4EF-D0DD-4C8D-A8E5-E828A9A90939}.Release|x64.Build.0 = Release|Any CPU
		{04D9C4EF-D0DD-4C8D-A8E5-E828A9A90939}.Release|x86.ActiveCfg = Release|Any CPU
		{04D9C4EF-D0DD-4C8D-A8E5-E828A9A90939}.Release|x86.Build.0 = Release|Any CPU
		{B1A69162-F48F-4A15-BEB2-5495D5C961FA}.Debug|Any CPU.ActiveCfg = Debug|Any CPU
		{B1A69162-F48F-4A15-BEB2-5495D5C961FA}.Debug|Any CPU.Build.0 = Debug|Any CPU
		{B1A69162-F48F-4A15-BEB2-5495D5C961FA}.Debug|x64.ActiveCfg = Debug|Any CPU
		{B1A69162-F48F-4A15-BEB2-5495D5C961FA}.Debug|x64.Build.0 = Debug|Any CPU
		{B1A69162-F48F-4A15-BEB2-5495D5C961FA}.Debug|x86.ActiveCfg = Debug|Any CPU
		{B1A69162-F48F-4A15-BEB2-5495D5C961FA}.Debug|x86.Build.0 = Debug|Any CPU
		{B1A69162-F48F-4A15-BEB2-5495D5C961FA}.Release|Any CPU.ActiveCfg = Release|Any CPU
		{B1A69162-F48F-4A15-BEB2-5495D5C961FA}.Release|Any CPU.Build.0 = Release|Any CPU
		{B1A69162-F48F-4A15-BEB2-5495D5C961FA}.Release|x64.ActiveCfg = Release|Any CPU
		{B1A69162-F48F-4A15-BEB2-5495D5C961FA}.Release|x64.Build.0 = Release|Any CPU
		{B1A69162-F48F-4A15-BEB2-5495D5C961FA}.Release|x86.ActiveCfg = Release|Any CPU
		{B1A69162-F48F-4A15-BEB2-5495D5C961FA}.Release|x86.Build.0 = Release|Any CPU
		{838B47A8-9E60-4CCB-962C-FFBADA4759CD}.Debug|Any CPU.ActiveCfg = Debug|Any CPU
		{838B47A8-9E60-4CCB-962C-FFBADA4759CD}.Debug|Any CPU.Build.0 = Debug|Any CPU
		{838B47A8-9E60-4CCB-962C-FFBADA4759CD}.Debug|x64.ActiveCfg = Debug|Any CPU
		{838B47A8-9E60-4CCB-962C-FFBADA4759CD}.Debug|x64.Build.0 = Debug|Any CPU
		{838B47A8-9E60-4CCB-962C-FFBADA4759CD}.Debug|x86.ActiveCfg = Debug|Any CPU
		{838B47A8-9E60-4CCB-962C-FFBADA4759CD}.Debug|x86.Build.0 = Debug|Any CPU
		{838B47A8-9E60-4CCB-962C-FFBADA4759CD}.Release|Any CPU.ActiveCfg = Release|Any CPU
		{838B47A8-9E60-4CCB-962C-FFBADA4759CD}.Release|Any CPU.Build.0 = Release|Any CPU
		{838B47A8-9E60-4CCB-962C-FFBADA4759CD}.Release|x64.ActiveCfg = Release|Any CPU
		{838B47A8-9E60-4CCB-962C-FFBADA4759CD}.Release|x64.Build.0 = Release|Any CPU
		{838B47A8-9E60-4CCB-962C-FFBADA4759CD}.Release|x86.ActiveCfg = Release|Any CPU
		{838B47A8-9E60-4CCB-962C-FFBADA4759CD}.Release|x86.Build.0 = Release|Any CPU
		{462F2F12-02E0-4A63-B754-F66A08CB421A}.Debug|Any CPU.ActiveCfg = Debug|Any CPU
		{462F2F12-02E0-4A63-B754-F66A08CB421A}.Debug|Any CPU.Build.0 = Debug|Any CPU
		{462F2F12-02E0-4A63-B754-F66A08CB421A}.Debug|x64.ActiveCfg = Debug|Any CPU
		{462F2F12-02E0-4A63-B754-F66A08CB421A}.Debug|x64.Build.0 = Debug|Any CPU
		{462F2F12-02E0-4A63-B754-F66A08CB421A}.Debug|x86.ActiveCfg = Debug|Any CPU
		{462F2F12-02E0-4A63-B754-F66A08CB421A}.Debug|x86.Build.0 = Debug|Any CPU
		{462F2F12-02E0-4A63-B754-F66A08CB421A}.Release|Any CPU.ActiveCfg = Release|Any CPU
		{462F2F12-02E0-4A63-B754-F66A08CB421A}.Release|Any CPU.Build.0 = Release|Any CPU
		{462F2F12-02E0-4A63-B754-F66A08CB421A}.Release|x64.ActiveCfg = Release|Any CPU
		{462F2F12-02E0-4A63-B754-F66A08CB421A}.Release|x64.Build.0 = Release|Any CPU
		{462F2F12-02E0-4A63-B754-F66A08CB421A}.Release|x86.ActiveCfg = Release|Any CPU
		{462F2F12-02E0-4A63-B754-F66A08CB421A}.Release|x86.Build.0 = Release|Any CPU
	EndGlobalSection
	GlobalSection(SolutionProperties) = preSolution
		HideSolutionNode = FALSE
	EndGlobalSection
	GlobalSection(NestedProjects) = preSolution
		{7D29C3AF-4F4C-4F9D-9AD1-E6900C853738} = {827E0CD3-B72D-47B6-A68D-7590B98EB39B}
		{ADC1D411-4C71-4546-8BE7-25E3D2E5EE1A} = {827E0CD3-B72D-47B6-A68D-7590B98EB39B}
		{309A12F8-C4A8-4B05-8839-A0C605960FBD} = {827E0CD3-B72D-47B6-A68D-7590B98EB39B}
		{A177F00B-1C12-4706-BD45-1CDBE83EC8B4} = {0AB3BF05-4346-4AA6-1389-037BE0695223}
		{04D9C4EF-D0DD-4C8D-A8E5-E828A9A90939} = {0AB3BF05-4346-4AA6-1389-037BE0695223}
		{B1A69162-F48F-4A15-BEB2-5495D5C961FA} = {827E0CD3-B72D-47B6-A68D-7590B98EB39B}
		{838B47A8-9E60-4CCB-962C-FFBADA4759CD} = {07C2787E-EAC7-C090-1BA3-A61EC2A24D84}
		{462F2F12-02E0-4A63-B754-F66A08CB421A} = {07C2787E-EAC7-C090-1BA3-A61EC2A24D84}
	EndGlobalSection
EndGlobal
